
Microsoft Visual Studio Solution File, Format Version 12.00
# Visual Studio Version 17
VisualStudioVersion = 17.8.34309.116
MinimumVisualStudioVersion = 10.0.40219.1
Project("{FAE04EC0-301F-11D3-BF4B-00C04F79EFBC}") = "DinamikFormElemanlari", "DinamikFormElemanlari\DinamikFormElemanlari.csproj", "{EE2A94F6-01B6-42C9-BE11-BB8C2E1558FC}"
EndProject
Global
	GlobalSection(SolutionConfigurationPlatforms) = preSolution
		Debug|Any CPU = Debug|Any CPU
		Release|Any CPU = Release|Any CPU
	EndGlobalSection
	GlobalSection(ProjectConfigurationPlatforms) = postSolution
		{EE2A94F6-01B6-42C9-BE11-BB8C2E1558FC}.Debug|Any CPU.ActiveCfg = Debug|Any CPU
		{EE2A94F6-01B6-42C9-BE11-BB8C2E1558FC}.Debug|Any CPU.Build.0 = Debug|Any CPU
		{EE2A94F6-01B6-42C9-BE11-BB8C2E1558FC}.Release|Any CPU.ActiveCfg = Release|Any CPU
		{EE2A94F6-01B6-42C9-BE11-BB8C2E1558FC}.Release|Any CPU.Build.0 = Release|Any CPU
	EndGlobalSection
	GlobalSection(SolutionProperties) = preSolution
		HideSolutionNode = FALSE
	EndGlobalSection
	GlobalSection(ExtensibilityGlobals) = postSolution
		SolutionGuid = {B4A6049B-4DAD-4F2D-9DDB-0D3B5ED13EF3}
	EndGlobalSection
EndGlobal
