
Microsoft Visual Studio Solution File, Format Version 12.00
# Visual Studio Version 17
VisualStudioVersion = 17.2.32630.192
MinimumVisualStudioVersion = 10.0.40219.1
Project("{FAE04EC0-301F-11D3-BF4B-00C04F79EFBC}") = "generic_class", "generic_class\generic_class.csproj", "{4952F352-657C-412C-BAE2-E77FF9604630}"
EndProject
Global
	GlobalSection(SolutionConfigurationPlatforms) = preSolution
		Debug|Any CPU = Debug|Any CPU
		Release|Any CPU = Release|Any CPU
	EndGlobalSection
	GlobalSection(ProjectConfigurationPlatforms) = postSolution
		{4952F352-657C-412C-BAE2-E77FF9604630}.Debug|Any CPU.ActiveCfg = Debug|Any CPU
		{4952F352-657C-412C-BAE2-E77FF9604630}.Debug|Any CPU.Build.0 = Debug|Any CPU
		{4952F352-657C-412C-BAE2-E77FF9604630}.Release|Any CPU.ActiveCfg = Release|Any CPU
		{4952F352-657C-412C-BAE2-E77FF9604630}.Release|Any CPU.Build.0 = Release|Any CPU
	EndGlobalSection
	GlobalSection(SolutionProperties) = preSolution
		HideSolutionNode = FALSE
	EndGlobalSection
	GlobalSection(ExtensibilityGlobals) = postSolution
		SolutionGuid = {22DBED40-4E1F-4639-8665-1456506A894C}
	EndGlobalSection
EndGlobal
