
Microsoft Visual Studio Solution File, Format Version 12.00
# Visual Studio Version 17
VisualStudioVersion = 17.8.34309.116
MinimumVisualStudioVersion = 10.0.40219.1
Project("{FAE04EC0-301F-11D3-BF4B-00C04F79EFBC}") = "MD5", "MD5\MD5.csproj", "{C9FE94E1-F366-46D7-879B-B5F79654F6F1}"
EndProject
Global
	GlobalSection(SolutionConfigurationPlatforms) = preSolution
		Debug|Any CPU = Debug|Any CPU
		Release|Any CPU = Release|Any CPU
	EndGlobalSection
	GlobalSection(ProjectConfigurationPlatforms) = postSolution
		{C9FE94E1-F366-46D7-879B-B5F79654F6F1}.Debug|Any CPU.ActiveCfg = Debug|Any CPU
		{C9FE94E1-F366-46D7-879B-B5F79654F6F1}.Debug|Any CPU.Build.0 = Debug|Any CPU
		{C9FE94E1-F366-46D7-879B-B5F79654F6F1}.Release|Any CPU.ActiveCfg = Release|Any CPU
		{C9FE94E1-F366-46D7-879B-B5F79654F6F1}.Release|Any CPU.Build.0 = Release|Any CPU
	EndGlobalSection
	GlobalSection(SolutionProperties) = preSolution
		HideSolutionNode = FALSE
	EndGlobalSection
	GlobalSection(ExtensibilityGlobals) = postSolution
		SolutionGuid = {EF610A09-56B0-4527-9B2A-EDFA374AA673}
	EndGlobalSection
EndGlobal
