
Microsoft Visual Studio Solution File, Format Version 12.00
# Visual Studio Version 17
VisualStudioVersion = 17.2.32630.192
MinimumVisualStudioVersion = 10.0.40219.1
Project("{FAE04EC0-301F-11D3-BF4B-00C04F79EFBC}") = "NetFramework.S10.D3.StaticBolumSonuOdevUygulama", "NetFramework.S10.D3.StaticBolumSonuOdevUygulama.csproj", "{4518B9E8-692C-4BC7-8E26-96A81866EF52}"
EndProject
Global
	GlobalSection(SolutionConfigurationPlatforms) = preSolution
		Debug|Any CPU = Debug|Any CPU
		Release|Any CPU = Release|Any CPU
	EndGlobalSection
	GlobalSection(ProjectConfigurationPlatforms) = postSolution
		{4518B9E8-692C-4BC7-8E26-96A81866EF52}.Debug|Any CPU.ActiveCfg = Debug|Any CPU
		{4518B9E8-692C-4BC7-8E26-96A81866EF52}.Debug|Any CPU.Build.0 = Debug|Any CPU
		{4518B9E8-692C-4BC7-8E26-96A81866EF52}.Release|Any CPU.ActiveCfg = Release|Any CPU
		{4518B9E8-692C-4BC7-8E26-96A81866EF52}.Release|Any CPU.Build.0 = Release|Any CPU
	EndGlobalSection
	GlobalSection(SolutionProperties) = preSolution
		HideSolutionNode = FALSE
	EndGlobalSection
	GlobalSection(ExtensibilityGlobals) = postSolution
		SolutionGuid = {251344E5-468D-40F6-B4BF-F9824890DDDB}
	EndGlobalSection
EndGlobal
