
Microsoft Visual Studio Solution File, Format Version 12.00
# Visual Studio Version 17
VisualStudioVersion = 17.8.34309.116
MinimumVisualStudioVersion = 10.0.40219.1
Project("{FAE04EC0-301F-11D3-BF4B-00C04F79EFBC}") = "messagebox_uygulama", "messagebox_uygulama\messagebox_uygulama.csproj", "{7E817BA7-39EF-4503-BA2D-09210C75F47A}"
EndProject
Global
	GlobalSection(SolutionConfigurationPlatforms) = preSolution
		Debug|Any CPU = Debug|Any CPU
		Release|Any CPU = Release|Any CPU
	EndGlobalSection
	GlobalSection(ProjectConfigurationPlatforms) = postSolution
		{7E817BA7-39EF-4503-BA2D-09210C75F47A}.Debug|Any CPU.ActiveCfg = Debug|Any CPU
		{7E817BA7-39EF-4503-BA2D-09210C75F47A}.Debug|Any CPU.Build.0 = Debug|Any CPU
		{7E817BA7-39EF-4503-BA2D-09210C75F47A}.Release|Any CPU.ActiveCfg = Release|Any CPU
		{7E817BA7-39EF-4503-BA2D-09210C75F47A}.Release|Any CPU.Build.0 = Release|Any CPU
	EndGlobalSection
	GlobalSection(SolutionProperties) = preSolution
		HideSolutionNode = FALSE
	EndGlobalSection
	GlobalSection(ExtensibilityGlobals) = postSolution
		SolutionGuid = {9C41C203-8947-41AC-AE99-608C47ECCB16}
	EndGlobalSection
EndGlobal
