
Microsoft Visual Studio Solution File, Format Version 12.00
# Visual Studio Version 17
VisualStudioVersion = 17.2.32630.192
MinimumVisualStudioVersion = 10.0.40219.1
Project("{FAE04EC0-301F-11D3-BF4B-00C04F79EFBC}") = "kapsulleme", "kapsulleme\kapsulleme.csproj", "{3057218F-0030-4EA6-903B-E88CFE948B3B}"
EndProject
Global
	GlobalSection(SolutionConfigurationPlatforms) = preSolution
		Debug|Any CPU = Debug|Any CPU
		Release|Any CPU = Release|Any CPU
	EndGlobalSection
	GlobalSection(ProjectConfigurationPlatforms) = postSolution
		{3057218F-0030-4EA6-903B-E88CFE948B3B}.Debug|Any CPU.ActiveCfg = Debug|Any CPU
		{3057218F-0030-4EA6-903B-E88CFE948B3B}.Debug|Any CPU.Build.0 = Debug|Any CPU
		{3057218F-0030-4EA6-903B-E88CFE948B3B}.Release|Any CPU.ActiveCfg = Release|Any CPU
		{3057218F-0030-4EA6-903B-E88CFE948B3B}.Release|Any CPU.Build.0 = Release|Any CPU
	EndGlobalSection
	GlobalSection(SolutionProperties) = preSolution
		HideSolutionNode = FALSE
	EndGlobalSection
	GlobalSection(ExtensibilityGlobals) = postSolution
		SolutionGuid = {AEDD2068-E306-47D3-9CCA-F3A67A818F30}
	EndGlobalSection
EndGlobal
