
Microsoft Visual Studio Solution File, Format Version 12.00
# Visual Studio Version 17
VisualStudioVersion = 17.8.34309.116
MinimumVisualStudioVersion = 10.0.40219.1
Project("{FAE04EC0-301F-11D3-BF4B-00C04F79EFBC}") = "SHA", "SHA\SHA.csproj", "{1A87170A-DAA0-458B-8FD9-B2E65CDB45BD}"
EndProject
Global
	GlobalSection(SolutionConfigurationPlatforms) = preSolution
		Debug|Any CPU = Debug|Any CPU
		Release|Any CPU = Release|Any CPU
	EndGlobalSection
	GlobalSection(ProjectConfigurationPlatforms) = postSolution
		{1A87170A-DAA0-458B-8FD9-B2E65CDB45BD}.Debug|Any CPU.ActiveCfg = Debug|Any CPU
		{1A87170A-DAA0-458B-8FD9-B2E65CDB45BD}.Debug|Any CPU.Build.0 = Debug|Any CPU
		{1A87170A-DAA0-458B-8FD9-B2E65CDB45BD}.Release|Any CPU.ActiveCfg = Release|Any CPU
		{1A87170A-DAA0-458B-8FD9-B2E65CDB45BD}.Release|Any CPU.Build.0 = Release|Any CPU
	EndGlobalSection
	GlobalSection(SolutionProperties) = preSolution
		HideSolutionNode = FALSE
	EndGlobalSection
	GlobalSection(ExtensibilityGlobals) = postSolution
		SolutionGuid = {4E483777-4A6A-445B-AEE2-A0E840D1132D}
	EndGlobalSection
EndGlobal
