
Microsoft Visual Studio Solution File, Format Version 12.00
# Visual Studio Version 17
VisualStudioVersion = 17.8.34309.116
MinimumVisualStudioVersion = 10.0.40219.1
Project("{9A19103F-16F7-4668-BE54-9A1E7A4F7556}") = "matematikselislemler", "matematikselislemler\matematikselislemler.csproj", "{0AD6FD59-8B0B-4C8D-ABF4-47522AF28E0D}"
EndProject
Project("{FAE04EC0-301F-11D3-BF4B-00C04F79EFBC}") = "uygulama_test", "uygulama_test\uygulama_test.csproj", "{D8AD00C0-47F2-42A8-A756-FB820A27ACC2}"
EndProject
Global
	GlobalSection(SolutionConfigurationPlatforms) = preSolution
		Debug|Any CPU = Debug|Any CPU
		Release|Any CPU = Release|Any CPU
	EndGlobalSection
	GlobalSection(ProjectConfigurationPlatforms) = postSolution
		{0AD6FD59-8B0B-4C8D-ABF4-47522AF28E0D}.Debug|Any CPU.ActiveCfg = Debug|Any CPU
		{0AD6FD59-8B0B-4C8D-ABF4-47522AF28E0D}.Debug|Any CPU.Build.0 = Debug|Any CPU
		{0AD6FD59-8B0B-4C8D-ABF4-47522AF28E0D}.Release|Any CPU.ActiveCfg = Release|Any CPU
		{0AD6FD59-8B0B-4C8D-ABF4-47522AF28E0D}.Release|Any CPU.Build.0 = Release|Any CPU
		{D8AD00C0-47F2-42A8-A756-FB820A27ACC2}.Debug|Any CPU.ActiveCfg = Debug|Any CPU
		{D8AD00C0-47F2-42A8-A756-FB820A27ACC2}.Debug|Any CPU.Build.0 = Debug|Any CPU
		{D8AD00C0-47F2-42A8-A756-FB820A27ACC2}.Release|Any CPU.ActiveCfg = Release|Any CPU
		{D8AD00C0-47F2-42A8-A756-FB820A27ACC2}.Release|Any CPU.Build.0 = Release|Any CPU
	EndGlobalSection
	GlobalSection(SolutionProperties) = preSolution
		HideSolutionNode = FALSE
	EndGlobalSection
	GlobalSection(ExtensibilityGlobals) = postSolution
		SolutionGuid = {BAA4D562-3594-4103-A045-D1B7560312BD}
	EndGlobalSection
EndGlobal
