
Microsoft Visual Studio Solution File, Format Version 12.00
# Visual Studio Version 17
VisualStudioVersion = 17.8.34309.116
MinimumVisualStudioVersion = 10.0.40219.1
Project("{FAE04EC0-301F-11D3-BF4B-00C04F79EFBC}") = "reflection_uygulama", "reflection_uygulama\reflection_uygulama.csproj", "{CF836F7E-B0AB-49BA-85E6-B57447F4D310}"
EndProject
Project("{FAE04EC0-301F-11D3-BF4B-00C04F79EFBC}") = "lateBinding_islemleri", "lateBinding_islemleri\lateBinding_islemleri.csproj", "{4870D6B7-591F-4FA5-8D3C-6EADCCE5D493}"
EndProject
Global
	GlobalSection(SolutionConfigurationPlatforms) = preSolution
		Debug|Any CPU = Debug|Any CPU
		Release|Any CPU = Release|Any CPU
	EndGlobalSection
	GlobalSection(ProjectConfigurationPlatforms) = postSolution
		{CF836F7E-B0AB-49BA-85E6-B57447F4D310}.Debug|Any CPU.ActiveCfg = Debug|Any CPU
		{CF836F7E-B0AB-49BA-85E6-B57447F4D310}.Debug|Any CPU.Build.0 = Debug|Any CPU
		{CF836F7E-B0AB-49BA-85E6-B57447F4D310}.Release|Any CPU.ActiveCfg = Release|Any CPU
		{CF836F7E-B0AB-49BA-85E6-B57447F4D310}.Release|Any CPU.Build.0 = Release|Any CPU
		{4870D6B7-591F-4FA5-8D3C-6EADCCE5D493}.Debug|Any CPU.ActiveCfg = Debug|Any CPU
		{4870D6B7-591F-4FA5-8D3C-6EADCCE5D493}.Debug|Any CPU.Build.0 = Debug|Any CPU
		{4870D6B7-591F-4FA5-8D3C-6EADCCE5D493}.Release|Any CPU.ActiveCfg = Release|Any CPU
		{4870D6B7-591F-4FA5-8D3C-6EADCCE5D493}.Release|Any CPU.Build.0 = Release|Any CPU
	EndGlobalSection
	GlobalSection(SolutionProperties) = preSolution
		HideSolutionNode = FALSE
	EndGlobalSection
	GlobalSection(ExtensibilityGlobals) = postSolution
		SolutionGuid = {D92DC4B0-7B8E-43E4-9948-F8275D7F065E}
	EndGlobalSection
EndGlobal
