
Microsoft Visual Studio Solution File, Format Version 12.00
# Visual Studio Version 17
VisualStudioVersion = 17.2.32630.192
MinimumVisualStudioVersion = 10.0.40219.1
Project("{FAE04EC0-301F-11D3-BF4B-00C04F79EFBC}") = "abstract_interface", "abstract_interface\abstract_interface.csproj", "{08A993E6-A9D5-42B9-9C64-B04F8C95F7C5}"
EndProject
Global
	GlobalSection(SolutionConfigurationPlatforms) = preSolution
		Debug|Any CPU = Debug|Any CPU
		Release|Any CPU = Release|Any CPU
	EndGlobalSection
	GlobalSection(ProjectConfigurationPlatforms) = postSolution
		{08A993E6-A9D5-42B9-9C64-B04F8C95F7C5}.Debug|Any CPU.ActiveCfg = Debug|Any CPU
		{08A993E6-A9D5-42B9-9C64-B04F8C95F7C5}.Debug|Any CPU.Build.0 = Debug|Any CPU
		{08A993E6-A9D5-42B9-9C64-B04F8C95F7C5}.Release|Any CPU.ActiveCfg = Release|Any CPU
		{08A993E6-A9D5-42B9-9C64-B04F8C95F7C5}.Release|Any CPU.Build.0 = Release|Any CPU
	EndGlobalSection
	GlobalSection(SolutionProperties) = preSolution
		HideSolutionNode = FALSE
	EndGlobalSection
	GlobalSection(ExtensibilityGlobals) = postSolution
		SolutionGuid = {531908AB-66EA-4FE5-ABB3-67B6D645A698}
	EndGlobalSection
EndGlobal
