
Microsoft Visual Studio Solution File, Format Version 12.00
# Visual Studio Version 17
VisualStudioVersion = 17.2.32630.192
MinimumVisualStudioVersion = 10.0.40219.1
Project("{FAE04EC0-301F-11D3-BF4B-00C04F79EFBC}") = "static_kavrami", "static_kavrami\static_kavrami.csproj", "{C46FD25F-2E53-427E-B73D-315B88346338}"
EndProject
Global
	GlobalSection(SolutionConfigurationPlatforms) = preSolution
		Debug|Any CPU = Debug|Any CPU
		Release|Any CPU = Release|Any CPU
	EndGlobalSection
	GlobalSection(ProjectConfigurationPlatforms) = postSolution
		{C46FD25F-2E53-427E-B73D-315B88346338}.Debug|Any CPU.ActiveCfg = Debug|Any CPU
		{C46FD25F-2E53-427E-B73D-315B88346338}.Debug|Any CPU.Build.0 = Debug|Any CPU
		{C46FD25F-2E53-427E-B73D-315B88346338}.Release|Any CPU.ActiveCfg = Release|Any CPU
		{C46FD25F-2E53-427E-B73D-315B88346338}.Release|Any CPU.Build.0 = Release|Any CPU
	EndGlobalSection
	GlobalSection(SolutionProperties) = preSolution
		HideSolutionNode = FALSE
	EndGlobalSection
	GlobalSection(ExtensibilityGlobals) = postSolution
		SolutionGuid = {FBA45AD0-6019-47DC-B51B-76DE9DD04DB5}
	EndGlobalSection
EndGlobal
