
Microsoft Visual Studio Solution File, Format Version 12.00
# Visual Studio Version 17
VisualStudioVersion = 17.8.34309.116
MinimumVisualStudioVersion = 10.0.40219.1
Project("{FAE04EC0-301F-11D3-BF4B-00C04F79EFBC}") = "xml_olusturma", "xml_olusturma\xml_olusturma.csproj", "{8E9B39FF-C521-4FB9-959B-C820AA8B5A7D}"
EndProject
Project("{FAE04EC0-301F-11D3-BF4B-00C04F79EFBC}") = "xml_olusturma_2", "xml_olusturma_2\xml_olusturma_2.csproj", "{9A9DD0AB-129E-4FAE-AF20-16840AC18D0D}"
EndProject
Project("{FAE04EC0-301F-11D3-BF4B-00C04F79EFBC}") = "xml_okuma", "xml_okuma\xml_okuma.csproj", "{B17C31AA-5DAA-4CA0-AD86-9F3E84F89C68}"
EndProject
Global
	GlobalSection(SolutionConfigurationPlatforms) = preSolution
		Debug|Any CPU = Debug|Any CPU
		Release|Any CPU = Release|Any CPU
	EndGlobalSection
	GlobalSection(ProjectConfigurationPlatforms) = postSolution
		{8E9B39FF-C521-4FB9-959B-C820AA8B5A7D}.Debug|Any CPU.ActiveCfg = Debug|Any CPU
		{8E9B39FF-C521-4FB9-959B-C820AA8B5A7D}.Debug|Any CPU.Build.0 = Debug|Any CPU
		{8E9B39FF-C521-4FB9-959B-C820AA8B5A7D}.Release|Any CPU.ActiveCfg = Release|Any CPU
		{8E9B39FF-C521-4FB9-959B-C820AA8B5A7D}.Release|Any CPU.Build.0 = Release|Any CPU
		{9A9DD0AB-129E-4FAE-AF20-16840AC18D0D}.Debug|Any CPU.ActiveCfg = Debug|Any CPU
		{9A9DD0AB-129E-4FAE-AF20-16840AC18D0D}.Debug|Any CPU.Build.0 = Debug|Any CPU
		{9A9DD0AB-129E-4FAE-AF20-16840AC18D0D}.Release|Any CPU.ActiveCfg = Release|Any CPU
		{9A9DD0AB-129E-4FAE-AF20-16840AC18D0D}.Release|Any CPU.Build.0 = Release|Any CPU
		{B17C31AA-5DAA-4CA0-AD86-9F3E84F89C68}.Debug|Any CPU.ActiveCfg = Debug|Any CPU
		{B17C31AA-5DAA-4CA0-AD86-9F3E84F89C68}.Debug|Any CPU.Build.0 = Debug|Any CPU
		{B17C31AA-5DAA-4CA0-AD86-9F3E84F89C68}.Release|Any CPU.ActiveCfg = Release|Any CPU
		{B17C31AA-5DAA-4CA0-AD86-9F3E84F89C68}.Release|Any CPU.Build.0 = Release|Any CPU
	EndGlobalSection
	GlobalSection(SolutionProperties) = preSolution
		HideSolutionNode = FALSE
	EndGlobalSection
	GlobalSection(ExtensibilityGlobals) = postSolution
		SolutionGuid = {82BBB81F-6BE2-4789-ACE1-90BDD0500D8E}
	EndGlobalSection
EndGlobal
