
Microsoft Visual Studio Solution File, Format Version 12.00
# Visual Studio Version 17
VisualStudioVersion = 17.8.34309.116
MinimumVisualStudioVersion = 10.0.40219.1
Project("{FAE04EC0-301F-11D3-BF4B-00C04F79EFBC}") = "N_Katmanli_Mimari", "N_Katmanli_Mimari\N_Katmanli_Mimari.csproj", "{97E6E22A-A424-4FEE-8BB0-0D5A228940D1}"
EndProject
Global
	GlobalSection(SolutionConfigurationPlatforms) = preSolution
		Debug|Any CPU = Debug|Any CPU
		Release|Any CPU = Release|Any CPU
	EndGlobalSection
	GlobalSection(ProjectConfigurationPlatforms) = postSolution
		{97E6E22A-A424-4FEE-8BB0-0D5A228940D1}.Debug|Any CPU.ActiveCfg = Debug|Any CPU
		{97E6E22A-A424-4FEE-8BB0-0D5A228940D1}.Debug|Any CPU.Build.0 = Debug|Any CPU
		{97E6E22A-A424-4FEE-8BB0-0D5A228940D1}.Release|Any CPU.ActiveCfg = Release|Any CPU
		{97E6E22A-A424-4FEE-8BB0-0D5A228940D1}.Release|Any CPU.Build.0 = Release|Any CPU
	EndGlobalSection
	GlobalSection(SolutionProperties) = preSolution
		HideSolutionNode = FALSE
	EndGlobalSection
	GlobalSection(ExtensibilityGlobals) = postSolution
		SolutionGuid = {032DC98E-E68F-4FEE-BDAE-53AE8DDFE152}
	EndGlobalSection
EndGlobal
