
Microsoft Visual Studio Solution File, Format Version 12.00
# Visual Studio Version 17
VisualStudioVersion = 17.8.34309.116
MinimumVisualStudioVersion = 10.0.40219.1
Project("{FAE04EC0-301F-11D3-BF4B-00C04F79EFBC}") = "PromosyonTakip.Core", "PromosyonTakip.Core\PromosyonTakip.Core.csproj", "{4A9E2F31-3DE3-4ED8-87EE-071830AEA930}"
EndProject
Project("{FAE04EC0-301F-11D3-BF4B-00C04F79EFBC}") = "PromosyonTakip.UI", "PromosyonTakip.UI\PromosyonTakip.UI.csproj", "{030D97A4-418C-47FB-B820-DF2BFEBAE3B5}"
EndProject
Global
	GlobalSection(SolutionConfigurationPlatforms) = preSolution
		Debug|Any CPU = Debug|Any CPU
		Release|Any CPU = Release|Any CPU
	EndGlobalSection
	GlobalSection(ProjectConfigurationPlatforms) = postSolution
		{4A9E2F31-3DE3-4ED8-87EE-071830AEA930}.Debug|Any CPU.ActiveCfg = Debug|Any CPU
		{4A9E2F31-3DE3-4ED8-87EE-071830AEA930}.Debug|Any CPU.Build.0 = Debug|Any CPU
		{4A9E2F31-3DE3-4ED8-87EE-071830AEA930}.Release|Any CPU.ActiveCfg = Release|Any CPU
		{4A9E2F31-3DE3-4ED8-87EE-071830AEA930}.Release|Any CPU.Build.0 = Release|Any CPU
		{030D97A4-418C-47FB-B820-DF2BFEBAE3B5}.Debug|Any CPU.ActiveCfg = Debug|Any CPU
		{030D97A4-418C-47FB-B820-DF2BFEBAE3B5}.Debug|Any CPU.Build.0 = Debug|Any CPU
		{030D97A4-418C-47FB-B820-DF2BFEBAE3B5}.Release|Any CPU.ActiveCfg = Release|Any CPU
		{030D97A4-418C-47FB-B820-DF2BFEBAE3B5}.Release|Any CPU.Build.0 = Release|Any CPU
	EndGlobalSection
	GlobalSection(SolutionProperties) = preSolution
		HideSolutionNode = FALSE
	EndGlobalSection
	GlobalSection(ExtensibilityGlobals) = postSolution
		SolutionGuid = {A7F3C2C5-8022-4813-A089-52379CA27BD3}
	EndGlobalSection
EndGlobal
