
Microsoft Visual Studio Solution File, Format Version 12.00
# Visual Studio Version 17
VisualStudioVersion = 17.2.32630.192
MinimumVisualStudioVersion = 10.0.40219.1
Project("{FAE04EC0-301F-11D3-BF4B-00C04F79EFBC}") = "interface_nedir", "interface_nedir\interface_nedir.csproj", "{CA926CFC-331A-4782-822F-8BA55C191816}"
EndProject
Global
	GlobalSection(SolutionConfigurationPlatforms) = preSolution
		Debug|Any CPU = Debug|Any CPU
		Release|Any CPU = Release|Any CPU
	EndGlobalSection
	GlobalSection(ProjectConfigurationPlatforms) = postSolution
		{CA926CFC-331A-4782-822F-8BA55C191816}.Debug|Any CPU.ActiveCfg = Debug|Any CPU
		{CA926CFC-331A-4782-822F-8BA55C191816}.Debug|Any CPU.Build.0 = Debug|Any CPU
		{CA926CFC-331A-4782-822F-8BA55C191816}.Release|Any CPU.ActiveCfg = Release|Any CPU
		{CA926CFC-331A-4782-822F-8BA55C191816}.Release|Any CPU.Build.0 = Release|Any CPU
	EndGlobalSection
	GlobalSection(SolutionProperties) = preSolution
		HideSolutionNode = FALSE
	EndGlobalSection
	GlobalSection(ExtensibilityGlobals) = postSolution
		SolutionGuid = {76246CF9-71B0-4059-908F-3647A7FBDA1D}
	EndGlobalSection
EndGlobal
