
Microsoft Visual Studio Solution File, Format Version 12.00
# Visual Studio Version 17
VisualStudioVersion = 17.2.32630.192
MinimumVisualStudioVersion = 10.0.40219.1
Project("{FAE04EC0-301F-11D3-BF4B-00C04F79EFBC}") = "class_tanimlama_ve_temel_islemler", "class_tanimlama_ve_temel_islemler\class_tanimlama_ve_temel_islemler.csproj", "{2202BCF4-7035-4D6D-B762-45F0844AB426}"
EndProject
Global
	GlobalSection(SolutionConfigurationPlatforms) = preSolution
		Debug|Any CPU = Debug|Any CPU
		Release|Any CPU = Release|Any CPU
	EndGlobalSection
	GlobalSection(ProjectConfigurationPlatforms) = postSolution
		{2202BCF4-7035-4D6D-B762-45F0844AB426}.Debug|Any CPU.ActiveCfg = Debug|Any CPU
		{2202BCF4-7035-4D6D-B762-45F0844AB426}.Debug|Any CPU.Build.0 = Debug|Any CPU
		{2202BCF4-7035-4D6D-B762-45F0844AB426}.Release|Any CPU.ActiveCfg = Release|Any CPU
		{2202BCF4-7035-4D6D-B762-45F0844AB426}.Release|Any CPU.Build.0 = Release|Any CPU
	EndGlobalSection
	GlobalSection(SolutionProperties) = preSolution
		HideSolutionNode = FALSE
	EndGlobalSection
	GlobalSection(ExtensibilityGlobals) = postSolution
		SolutionGuid = {369077B0-FF26-42D5-87F6-D866015808C6}
	EndGlobalSection
EndGlobal
